{
  "nodes": {
    "esdbclient": {
      "inputs": {
        "flake-utils": [
          "pythoneda-shared-pythonlang-infrastructure",
          "flake-utils"
        ],
        "nixos": [
          "pythoneda-shared-pythonlang-infrastructure",
          "nixos"
        ]
      },
      "locked": {
        "dir": "esdbclient",
        "lastModified": 1731731825,
        "narHash": "sha256-kOddDyUkMJEJm14yCbfW+DYceAzo/QRD8KDf92IcJJo=",
        "owner": "rydnr",
        "repo": "nix-flakes",
        "rev": "a83da54f986cb6a60dc9b71309f186e97a604cff",
        "type": "github"
      },
      "original": {
        "dir": "esdbclient",
        "owner": "rydnr",
        "ref": "esdbclient-1.1.3",
        "repo": "nix-flakes",
        "type": "github"
      }
    },
    "flake-utils": {
      "locked": {
        "lastModified": 1652776076,
        "narHash": "sha256-gzTw/v1vj4dOVbpBSJX4J0DwUR6LIyXo7/SuuTJp1kM=",
        "owner": "numtide",
        "repo": "flake-utils",
        "rev": "04c1b180862888302ddfb2e3ad9eaa63afc60cf8",
        "type": "github"
      },
      "original": {
        "owner": "numtide",
        "ref": "v1.0.0",
        "repo": "flake-utils",
        "type": "github"
      }
    },
    "nixos": {
      "locked": {
        "lastModified": 1717179513,
        "narHash": "sha256-vboIEwIQojofItm2xGCdZCzW96U85l9nDW3ifMuAIdM=",
        "owner": "NixOS",
        "repo": "nixpkgs",
        "rev": "63dacb46bf939521bdc93981b4cbb7ecb58427a0",
        "type": "github"
      },
      "original": {
        "owner": "NixOS",
        "ref": "24.05",
        "repo": "nixpkgs",
        "type": "github"
      }
    },
    "pythoneda-shared-pythonlang-banner": {
      "inputs": {
        "flake-utils": [
          "flake-utils"
        ],
        "nixos": [
          "nixos"
        ]
      },
      "locked": {
        "lastModified": 1732348001,
        "narHash": "sha256-KWtaUyJ+DPNhyJvjF4rESakYu5y1AIlb26MRcGa6REU=",
        "owner": "pythoneda-shared-pythonlang-def",
        "repo": "banner",
        "rev": "7c5b4e080a63d3ac1749aebe1372ed7c89f92415",
        "type": "github"
      },
      "original": {
        "owner": "pythoneda-shared-pythonlang-def",
        "ref": "0.0.69",
        "repo": "banner",
        "type": "github"
      }
    },
    "pythoneda-shared-pythonlang-domain": {
      "inputs": {
        "flake-utils": [
          "flake-utils"
        ],
        "nixos": [
          "nixos"
        ],
        "pythoneda-shared-pythonlang-banner": [
          "pythoneda-shared-pythonlang-banner"
        ]
      },
      "locked": {
        "lastModified": 1732632346,
        "narHash": "sha256-28KSvdIGBsMAoJzugtrH+K8iMDyCM7rBy9+mSp9knhg=",
        "owner": "pythoneda-shared-pythonlang-def",
        "repo": "domain",
        "rev": "c5a750ce25171b72ca6b57f42df629d92c2d9490",
        "type": "github"
      },
      "original": {
        "owner": "pythoneda-shared-pythonlang-def",
        "ref": "0.0.86",
        "repo": "domain",
        "type": "github"
      }
    },
    "pythoneda-shared-pythonlang-infrastructure": {
      "inputs": {
        "esdbclient": "esdbclient",
        "flake-utils": [
          "flake-utils"
        ],
        "nixos": [
          "nixos"
        ],
        "pythoneda-shared-pythonlang-banner": [
          "pythoneda-shared-pythonlang-banner"
        ],
        "pythoneda-shared-pythonlang-domain": [
          "pythoneda-shared-pythonlang-domain"
        ]
      },
      "locked": {
        "lastModified": 1732632507,
        "narHash": "sha256-Jg92+4sDuC+DTo+P2TQs+Pqjloopz4l7q6Ay/yFO/i8=",
        "owner": "pythoneda-shared-pythonlang-def",
        "repo": "infrastructure",
        "rev": "92b52e74aaf6f0d0917ba4c57762aa76a4ef8361",
        "type": "github"
      },
      "original": {
        "owner": "pythoneda-shared-pythonlang-def",
        "ref": "0.0.63",
        "repo": "infrastructure",
        "type": "github"
      }
    },
    "pythoneda-shared-runtime-infra-eventstoredb-events": {
      "inputs": {
        "flake-utils": [
          "flake-utils"
        ],
        "nixos": [
          "nixos"
        ],
        "pythoneda-shared-pythonlang-banner": [
          "pythoneda-shared-pythonlang-banner"
        ],
        "pythoneda-shared-pythonlang-domain": [
          "pythoneda-shared-pythonlang-domain"
        ]
      },
      "locked": {
        "lastModified": 1732637550,
        "narHash": "sha256-Gap/tG2dyTnb8SmZ1lS/V6h+eRwbQC8KsZlgvQIIMV0=",
        "owner": "pythoneda-shared-runtime-infra-def",
        "repo": "eventstoredb-events",
        "rev": "e7c3392fe88cb09510a248d2b87ba3abab155021",
        "type": "github"
      },
      "original": {
        "owner": "pythoneda-shared-runtime-infra-def",
        "ref": "0.0.10",
        "repo": "eventstoredb-events",
        "type": "github"
      }
    },
    "root": {
      "inputs": {
        "flake-utils": "flake-utils",
        "nixos": "nixos",
        "pythoneda-shared-pythonlang-banner": "pythoneda-shared-pythonlang-banner",
        "pythoneda-shared-pythonlang-domain": "pythoneda-shared-pythonlang-domain",
        "pythoneda-shared-pythonlang-infrastructure": "pythoneda-shared-pythonlang-infrastructure",
        "pythoneda-shared-runtime-infra-eventstoredb-events": "pythoneda-shared-runtime-infra-eventstoredb-events"
      }
    }
  },
  "root": "root",
  "version": 7
}
