{
  "nodes": {
    "esdbclient": {
      "inputs": {
        "flake-utils": [
          "pythoneda-shared-pythonlang-infrastructure",
          "flake-utils"
        ],
        "nixos": [
          "pythoneda-shared-pythonlang-infrastructure",
          "nixos"
        ]
      },
      "locked": {
        "dir": "esdbclient",
        "lastModified": 1731731825,
        "narHash": "sha256-kOddDyUkMJEJm14yCbfW+DYceAzo/QRD8KDf92IcJJo=",
        "owner": "rydnr",
        "repo": "nix-flakes",
        "rev": "a83da54f986cb6a60dc9b71309f186e97a604cff",
        "type": "github"
      },
      "original": {
        "dir": "esdbclient",
        "owner": "rydnr",
        "ref": "esdbclient-1.1.3",
        "repo": "nix-flakes",
        "type": "github"
      }
    },
    "flake-utils": {
      "locked": {
        "lastModified": 1652776076,
        "narHash": "sha256-gzTw/v1vj4dOVbpBSJX4J0DwUR6LIyXo7/SuuTJp1kM=",
        "owner": "numtide",
        "repo": "flake-utils",
        "rev": "04c1b180862888302ddfb2e3ad9eaa63afc60cf8",
        "type": "github"
      },
      "original": {
        "owner": "numtide",
        "ref": "v1.0.0",
        "repo": "flake-utils",
        "type": "github"
      }
    },
    "nixos": {
      "locked": {
        "lastModified": 1717179513,
        "narHash": "sha256-vboIEwIQojofItm2xGCdZCzW96U85l9nDW3ifMuAIdM=",
        "owner": "NixOS",
        "repo": "nixpkgs",
        "rev": "63dacb46bf939521bdc93981b4cbb7ecb58427a0",
        "type": "github"
      },
      "original": {
        "owner": "NixOS",
        "ref": "24.05",
        "repo": "nixpkgs",
        "type": "github"
      }
    },
    "pythoneda-shared-pythonlang-banner": {
      "inputs": {
        "flake-utils": [
          "flake-utils"
        ],
        "nixos": [
          "nixos"
        ]
      },
      "locked": {
        "lastModified": 1731909765,
        "narHash": "sha256-KwLX3cDzRu/lgW9jryFatoySIfCGxATzR1leH/n9LuI=",
        "owner": "pythoneda-shared-pythonlang-def",
        "repo": "banner",
        "rev": "7e72e325d16a769dbc7aba91a023366ff3e93fad",
        "type": "github"
      },
      "original": {
        "owner": "pythoneda-shared-pythonlang-def",
        "ref": "0.0.62",
        "repo": "banner",
        "type": "github"
      }
    },
    "pythoneda-shared-pythonlang-domain": {
      "inputs": {
        "flake-utils": [
          "flake-utils"
        ],
        "nixos": [
          "nixos"
        ],
        "pythoneda-shared-pythonlang-banner": [
          "pythoneda-shared-pythonlang-banner"
        ]
      },
      "locked": {
        "lastModified": 1731909823,
        "narHash": "sha256-O34ValNAJ88X+pka794tq9Ez4Xydx/1QLGPSKjqWLcA=",
        "owner": "pythoneda-shared-pythonlang-def",
        "repo": "domain",
        "rev": "c241b0a52a229c023437e023522c49db4213a2ff",
        "type": "github"
      },
      "original": {
        "owner": "pythoneda-shared-pythonlang-def",
        "ref": "0.0.75",
        "repo": "domain",
        "type": "github"
      }
    },
    "pythoneda-shared-pythonlang-infrastructure": {
      "inputs": {
        "esdbclient": "esdbclient",
        "flake-utils": [
          "flake-utils"
        ],
        "nixos": [
          "nixos"
        ],
        "pythoneda-shared-pythonlang-banner": [
          "pythoneda-shared-pythonlang-banner"
        ],
        "pythoneda-shared-pythonlang-domain": [
          "pythoneda-shared-pythonlang-domain"
        ]
      },
      "locked": {
        "lastModified": 1731909894,
        "narHash": "sha256-JSYSah99IAbypOME6GfvohgLTQrgyKdJbf6kipqFIMI=",
        "owner": "pythoneda-shared-pythonlang-def",
        "repo": "infrastructure",
        "rev": "5f80c0ad0091182812d30e72b4da440aa3821043",
        "type": "github"
      },
      "original": {
        "owner": "pythoneda-shared-pythonlang-def",
        "ref": "0.0.54",
        "repo": "infrastructure",
        "type": "github"
      }
    },
    "pythoneda-shared-runtime-infra-eventstoredb-events": {
      "inputs": {
        "flake-utils": [
          "flake-utils"
        ],
        "nixos": [
          "nixos"
        ],
        "pythoneda-shared-pythonlang-banner": [
          "pythoneda-shared-pythonlang-banner"
        ],
        "pythoneda-shared-pythonlang-domain": [
          "pythoneda-shared-pythonlang-domain"
        ]
      },
      "locked": {
        "lastModified": 1731916870,
        "narHash": "sha256-sr9lU73wCO93tYzY66wz6mfqYpCz+HD2JNIs7Mn3r9U=",
        "owner": "pythoneda-shared-runtime-infra-def",
        "repo": "eventstoredb-events",
        "rev": "adca6ff9445dc9f1d076c2624870a8b9151a67c0",
        "type": "github"
      },
      "original": {
        "owner": "pythoneda-shared-runtime-infra-def",
        "ref": "0.0.4",
        "repo": "eventstoredb-events",
        "type": "github"
      }
    },
    "root": {
      "inputs": {
        "flake-utils": "flake-utils",
        "nixos": "nixos",
        "pythoneda-shared-pythonlang-banner": "pythoneda-shared-pythonlang-banner",
        "pythoneda-shared-pythonlang-domain": "pythoneda-shared-pythonlang-domain",
        "pythoneda-shared-pythonlang-infrastructure": "pythoneda-shared-pythonlang-infrastructure",
        "pythoneda-shared-runtime-infra-eventstoredb-events": "pythoneda-shared-runtime-infra-eventstoredb-events"
      }
    }
  },
  "root": "root",
  "version": 7
}
